
Microsoft Visual Studio Solution File, Format Version 12.00
# Visual Studio Version 16
VisualStudioVersion = 16.0.33027.164
MinimumVisualStudioVersion = 10.0.40219.1
Project("{FAE04EC0-301F-11D3-BF4B-00C04F79EFBC}") = "AppiumTest", "AppiumTest.csproj", "{300C2B35-DE75-4C78-99F5-94BC823B1BDA}"
EndProject
Global
	GlobalSection(SolutionConfigurationPlatforms) = preSolution
		Debug|Any CPU = Debug|Any CPU
		Release|Any CPU = Release|Any CPU
	EndGlobalSection
	GlobalSection(ProjectConfigurationPlatforms) = postSolution
		{300C2B35-DE75-4C78-99F5-94BC823B1BDA}.Debug|Any CPU.ActiveCfg = Debug|Any CPU
		{300C2B35-DE75-4C78-99F5-94BC823B1BDA}.Debug|Any CPU.Build.0 = Debug|Any CPU
		{300C2B35-DE75-4C78-99F5-94BC823B1BDA}.Release|Any CPU.ActiveCfg = Release|Any CPU
		{300C2B35-DE75-4C78-99F5-94BC823B1BDA}.Release|Any CPU.Build.0 = Release|Any CPU
	EndGlobalSection
	GlobalSection(SolutionProperties) = preSolution
		HideSolutionNode = FALSE
	EndGlobalSection
	GlobalSection(ExtensibilityGlobals) = postSolution
		SolutionGuid = {2B43F4F2-179A-47CE-B810-E120496EC882}
	EndGlobalSection
EndGlobal
